
Microsoft Visual Studio Solution File, Format Version 12.00
# Visual Studio Version 17
VisualStudioVersion = 17.10.35027.167
MinimumVisualStudioVersion = 10.0.40219.1
Project("{FAE04EC0-301F-11D3-BF4B-00C04F79EFBC}") = "Smart_POS", "WindowsFormsApp1\Smart_POS.csproj", "{C75C373A-F954-4160-86D3-02EDBCA248BD}"
EndProject
Global
	GlobalSection(SolutionConfigurationPlatforms) = preSolution
		Debug|Any CPU = Debug|Any CPU
		Release|Any CPU = Release|Any CPU
	EndGlobalSection
	GlobalSection(ProjectConfigurationPlatforms) = postSolution
		{C75C373A-F954-4160-86D3-02EDBCA248BD}.Debug|Any CPU.ActiveCfg = Debug|Any CPU
		{C75C373A-F954-4160-86D3-02EDBCA248BD}.Debug|Any CPU.Build.0 = Debug|Any CPU
		{C75C373A-F954-4160-86D3-02EDBCA248BD}.Release|Any CPU.ActiveCfg = Release|Any CPU
		{C75C373A-F954-4160-86D3-02EDBCA248BD}.Release|Any CPU.Build.0 = Release|Any CPU
	EndGlobalSection
	GlobalSection(SolutionProperties) = preSolution
		HideSolutionNode = FALSE
	EndGlobalSection
	GlobalSection(ExtensibilityGlobals) = postSolution
		SolutionGuid = {EAE2B82E-9ACE-4610-A1AF-A24F6CE35902}
	EndGlobalSection
EndGlobal
